
Microsoft Visual Studio Solution File, Format Version 12.00
# Visual Studio Version 17
VisualStudioVersion = 17.7.34221.43
MinimumVisualStudioVersion = 10.0.40219.1
Project("{FAE04EC0-301F-11D3-BF4B-00C04F79EFBC}") = "Admin_Dashboard", "Admin_Dashboard.csproj", "{20B1E60D-E9C8-4ED3-8BCD-CFEF3EEE8ACF}"
EndProject
Global
	GlobalSection(SolutionConfigurationPlatforms) = preSolution
		Debug|Any CPU = Debug|Any CPU
		Release|Any CPU = Release|Any CPU
	EndGlobalSection
	GlobalSection(ProjectConfigurationPlatforms) = postSolution
		{20B1E60D-E9C8-4ED3-8BCD-CFEF3EEE8ACF}.Debug|Any CPU.ActiveCfg = Debug|Any CPU
		{20B1E60D-E9C8-4ED3-8BCD-CFEF3EEE8ACF}.Debug|Any CPU.Build.0 = Debug|Any CPU
		{20B1E60D-E9C8-4ED3-8BCD-CFEF3EEE8ACF}.Release|Any CPU.ActiveCfg = Release|Any CPU
		{20B1E60D-E9C8-4ED3-8BCD-CFEF3EEE8ACF}.Release|Any CPU.Build.0 = Release|Any CPU
	EndGlobalSection
	GlobalSection(SolutionProperties) = preSolution
		HideSolutionNode = FALSE
	EndGlobalSection
	GlobalSection(ExtensibilityGlobals) = postSolution
		SolutionGuid = {676A41FD-9DF1-42A8-9A41-BCC8C3EF4DF9}
	EndGlobalSection
EndGlobal
